{
  "name": "YouthPoliticsProject",
  "lockfileVersion": 2,
  "requires": true,
  "packages": {
    "": {
      "dependencies": {
        "@ckeditor/ckeditor5-build-classic": "^37.1.0",
        "@ckeditor/ckeditor5-react": "^6.0.0",
        "browser-router": "^0.2.0"
      }
    },
    "node_modules/@ckeditor/ckeditor5-adapter-ckfinder": {
      "version": "37.1.0",
      "resolved": "https://registry.npmjs.org/@ckeditor/ckeditor5-adapter-ckfinder/-/ckeditor5-adapter-ckfinder-37.1.0.tgz",
      "integrity": "sha512-SKjcsKqVw1EpZ3P0HaLDmPwf0Kv9qaqwUsp9Lv0InpPWlvubTCH4YwJ/bC7uh0NApQdygJ10S1CKn7/bSDrT4A==",
      "dependencies": {
        "ckeditor5": "^37.1.0"
      },
      "engines": {
        "node": ">=16.0.0",
        "npm": ">=5.7.1"
      }
    },
    "node_modules/@ckeditor/ckeditor5-autoformat": {
      "version": "37.1.0",
      "resolved": "https://registry.npmjs.org/@ckeditor/ckeditor5-autoformat/-/ckeditor5-autoformat-37.1.0.tgz",
      "integrity": "sha512-wZSuqsD6oz06fbE2zCn8PUDyax5YUDWFnB/26piLBu0HteRYFXJtIq6s2vA+zBbFfR3FL7362t+DP9VEHGigtw==",
      "dependencies": {
        "ckeditor5": "^37.1.0"
      },
      "engines": {
        "node": ">=16.0.0",
        "npm": ">=5.7.1"
      }
    },
    "node_modules/@ckeditor/ckeditor5-basic-styles": {
      "version": "37.1.0",
      "resolved": "https://registry.npmjs.org/@ckeditor/ckeditor5-basic-styles/-/ckeditor5-basic-styles-37.1.0.tgz",
      "integrity": "sha512-AwCiVsq5Wh0tBOPLOV0NADnZRNw210h1/xTzsO2U8TGBcbVJ4ukU07OMSvkOhi7jrA4wLZI7R+XmhZR0vsUGkA==",
      "dependencies": {
        "ckeditor5": "^37.1.0"
      },
      "engines": {
        "node": ">=16.0.0",
        "npm": ">=5.7.1"
      }
    },
    "node_modules/@ckeditor/ckeditor5-block-quote": {
      "version": "37.1.0",
      "resolved": "https://registry.npmjs.org/@ckeditor/ckeditor5-block-quote/-/ckeditor5-block-quote-37.1.0.tgz",
      "integrity": "sha512-975XXg4YzJ857UF7dPujGxIkyvVfU6m4/QTCKU5j2SbrTqPKCQ59PLOOgyy1qC76D/uyqV1+V+beGairUrmA1A==",
      "dependencies": {
        "ckeditor5": "^37.1.0"
      },
      "engines": {
        "node": ">=16.0.0",
        "npm": ">=5.7.1"
      }
    },
    "node_modules/@ckeditor/ckeditor5-build-classic": {
      "version": "37.1.0",
      "resolved": "https://registry.npmjs.org/@ckeditor/ckeditor5-build-classic/-/ckeditor5-build-classic-37.1.0.tgz",
      "integrity": "sha512-5ew4/yWlkUnGvTsoKVKX5Fy6iA/Cj6FZX6jovGY7fBerBG7kixsmrTQ0pIcoUnFUPUEiGjWsqSytUsvXaPKlaA==",
      "dependencies": {
        "@ckeditor/ckeditor5-adapter-ckfinder": "^37.1.0",
        "@ckeditor/ckeditor5-autoformat": "^37.1.0",
        "@ckeditor/ckeditor5-basic-styles": "^37.1.0",
        "@ckeditor/ckeditor5-block-quote": "^37.1.0",
        "@ckeditor/ckeditor5-ckbox": "^37.1.0",
        "@ckeditor/ckeditor5-ckfinder": "^37.1.0",
        "@ckeditor/ckeditor5-cloud-services": "^37.1.0",
        "@ckeditor/ckeditor5-easy-image": "^37.1.0",
        "@ckeditor/ckeditor5-editor-classic": "^37.1.0",
        "@ckeditor/ckeditor5-essentials": "^37.1.0",
        "@ckeditor/ckeditor5-heading": "^37.1.0",
        "@ckeditor/ckeditor5-image": "^37.1.0",
        "@ckeditor/ckeditor5-indent": "^37.1.0",
        "@ckeditor/ckeditor5-link": "^37.1.0",
        "@ckeditor/ckeditor5-list": "^37.1.0",
        "@ckeditor/ckeditor5-media-embed": "^37.1.0",
        "@ckeditor/ckeditor5-paragraph": "^37.1.0",
        "@ckeditor/ckeditor5-paste-from-office": "^37.1.0",
        "@ckeditor/ckeditor5-table": "^37.1.0",
        "@ckeditor/ckeditor5-typing": "^37.1.0"
      },
      "engines": {
        "node": ">=16.0.0",
        "npm": ">=5.7.1"
      }
    },
    "node_modules/@ckeditor/ckeditor5-ckbox": {
      "version": "37.1.0",
      "resolved": "https://registry.npmjs.org/@ckeditor/ckeditor5-ckbox/-/ckeditor5-ckbox-37.1.0.tgz",
      "integrity": "sha512-XcbQPFkGevxKLilM28szORH/PZyR39cLwogZgothLXX4aPiiBGox8ldN6uI7cTaDkGjxzvaBF1AvHhcAPGs5pA==",
      "dependencies": {
        "ckeditor5": "^37.1.0"
      },
      "engines": {
        "node": ">=16.0.0",
        "npm": ">=5.7.1"
      }
    },
    "node_modules/@ckeditor/ckeditor5-ckfinder": {
      "version": "37.1.0",
      "resolved": "https://registry.npmjs.org/@ckeditor/ckeditor5-ckfinder/-/ckeditor5-ckfinder-37.1.0.tgz",
      "integrity": "sha512-zgNldaJC9g3o0zy2plmIffO1SyPsBDVdVq65Y6zoT4YXqandpEwjdR/kGFwHBYr6hdMz4MsaPDXRXxYIAwU0LA==",
      "dependencies": {
        "ckeditor5": "^37.1.0"
      },
      "engines": {
        "node": ">=16.0.0",
        "npm": ">=5.7.1"
      }
    },
    "node_modules/@ckeditor/ckeditor5-clipboard": {
      "version": "37.1.0",
      "resolved": "https://registry.npmjs.org/@ckeditor/ckeditor5-clipboard/-/ckeditor5-clipboard-37.1.0.tgz",
      "integrity": "sha512-0L1driXKRl1IUZ9amo+DVBGJuNjuVQ4nmuurIDqR1U8pRFt34wBzaIHivUbsKeZYe74RC4m4tE2DcUrltXwLAQ==",
      "dependencies": {
        "@ckeditor/ckeditor5-core": "^37.1.0",
        "@ckeditor/ckeditor5-engine": "^37.1.0",
        "@ckeditor/ckeditor5-utils": "^37.1.0",
        "@ckeditor/ckeditor5-widget": "^37.1.0",
        "lodash-es": "^4.17.15"
      },
      "engines": {
        "node": ">=16.0.0",
        "npm": ">=5.7.1"
      }
    },
    "node_modules/@ckeditor/ckeditor5-cloud-services": {
      "version": "37.1.0",
      "resolved": "https://registry.npmjs.org/@ckeditor/ckeditor5-cloud-services/-/ckeditor5-cloud-services-37.1.0.tgz",
      "integrity": "sha512-C5a+DKu1afASJVC0fl62WMjwaMIEulG/B2uyXySY6hXdHVC3aZkX0Z1Csn7QA2E0nk3KMkoGxCLWXJnsJk2gtg==",
      "dependencies": {
        "ckeditor5": "^37.1.0"
      },
      "engines": {
        "node": ">=16.0.0",
        "npm": ">=5.7.1"
      }
    },
    "node_modules/@ckeditor/ckeditor5-core": {
      "version": "37.1.0",
      "resolved": "https://registry.npmjs.org/@ckeditor/ckeditor5-core/-/ckeditor5-core-37.1.0.tgz",
      "integrity": "sha512-edewiWlMCK5BPN9Can0A9skob9dNDMrv09khiKaUYK5PEobZZQSyUBck52vXpt255u2rnlmhF5phTqsQo5EiOw==",
      "dependencies": {
        "@ckeditor/ckeditor5-engine": "^37.1.0",
        "@ckeditor/ckeditor5-utils": "^37.1.0",
        "lodash-es": "^4.17.15"
      },
      "engines": {
        "node": ">=16.0.0",
        "npm": ">=5.7.1"
      }
    },
    "node_modules/@ckeditor/ckeditor5-easy-image": {
      "version": "37.1.0",
      "resolved": "https://registry.npmjs.org/@ckeditor/ckeditor5-easy-image/-/ckeditor5-easy-image-37.1.0.tgz",
      "integrity": "sha512-1pu7IF0gpfIUVPci06kQaf76jvJkavFmbkK6MpxjccFsCVa2HONgyPfbMHvBLb2J5TBm/IeN+yHF/qmKiIMTKg==",
      "dependencies": {
        "ckeditor5": "^37.1.0"
      },
      "engines": {
        "node": ">=16.0.0",
        "npm": ">=5.7.1"
      }
    },
    "node_modules/@ckeditor/ckeditor5-editor-classic": {
      "version": "37.1.0",
      "resolved": "https://registry.npmjs.org/@ckeditor/ckeditor5-editor-classic/-/ckeditor5-editor-classic-37.1.0.tgz",
      "integrity": "sha512-3XipfINHckd8NITQT9ePdk0+3vytZ567x5qDGCeTgVAKqiFYNaEmuQKir1+D8uQddbrDNolv91XcILN8XHzDWQ==",
      "dependencies": {
        "ckeditor5": "^37.1.0",
        "lodash-es": "^4.17.15"
      },
      "engines": {
        "node": ">=16.0.0",
        "npm": ">=5.7.1"
      }
    },
    "node_modules/@ckeditor/ckeditor5-engine": {
      "version": "37.1.0",
      "resolved": "https://registry.npmjs.org/@ckeditor/ckeditor5-engine/-/ckeditor5-engine-37.1.0.tgz",
      "integrity": "sha512-D/xWNOgqk3G1qtv8P2UCmpHcIONjJE0NRJeJuJ8jppIgOYpbVG/7KSuzJYV7G1M9oGSBAeNb7U+lz7y/eg38Hw==",
      "dependencies": {
        "@ckeditor/ckeditor5-utils": "^37.1.0",
        "lodash-es": "^4.17.15"
      },
      "engines": {
        "node": ">=16.0.0",
        "npm": ">=5.7.1"
      }
    },
    "node_modules/@ckeditor/ckeditor5-enter": {
      "version": "37.1.0",
      "resolved": "https://registry.npmjs.org/@ckeditor/ckeditor5-enter/-/ckeditor5-enter-37.1.0.tgz",
      "integrity": "sha512-m8e+yInNi4Hi5YWN0+Jj5ZFZjFvUi6VKPGsCSRyAmOiB3J9AO1/P4pYhhAXXpD7RzJQ0hmNiwZgRDZWeq/ZZNA==",
      "dependencies": {
        "@ckeditor/ckeditor5-core": "^37.1.0",
        "@ckeditor/ckeditor5-engine": "^37.1.0",
        "@ckeditor/ckeditor5-utils": "^37.1.0"
      },
      "engines": {
        "node": ">=16.0.0",
        "npm": ">=5.7.1"
      }
    },
    "node_modules/@ckeditor/ckeditor5-essentials": {
      "version": "37.1.0",
      "resolved": "https://registry.npmjs.org/@ckeditor/ckeditor5-essentials/-/ckeditor5-essentials-37.1.0.tgz",
      "integrity": "sha512-LJl/3XHQpVvoFq22Z2JtNCog+0Z646MwEIZ70YyGyltA1fxXRpC0PrUg6NYND4AbDTHvWLUVTbQhhXzfSHw2KQ==",
      "dependencies": {
        "ckeditor5": "^37.1.0"
      },
      "engines": {
        "node": ">=16.0.0",
        "npm": ">=5.7.1"
      }
    },
    "node_modules/@ckeditor/ckeditor5-heading": {
      "version": "37.1.0",
      "resolved": "https://registry.npmjs.org/@ckeditor/ckeditor5-heading/-/ckeditor5-heading-37.1.0.tgz",
      "integrity": "sha512-fr2gOkiitJJKtJvunbitKEVwQoh26oBO7mbp/1BNSydtsOoP+B9Tl5S15WiPRAnc5pjIAT8MOJO5PQY/GDXs5Q==",
      "dependencies": {
        "ckeditor5": "^37.1.0"
      },
      "engines": {
        "node": ">=16.0.0",
        "npm": ">=5.7.1"
      }
    },
    "node_modules/@ckeditor/ckeditor5-image": {
      "version": "37.1.0",
      "resolved": "https://registry.npmjs.org/@ckeditor/ckeditor5-image/-/ckeditor5-image-37.1.0.tgz",
      "integrity": "sha512-wIKGfasamPE7MWnIoNIpmWgxlZOz8bxw8ZaLucRdJGaU1+orzQabYcqZM+y+3puAowXs2MIGcA7kSmyJPvL0Jw==",
      "dependencies": {
        "@ckeditor/ckeditor5-ui": "^37.1.0",
        "ckeditor5": "^37.1.0",
        "lodash-es": "^4.17.15"
      },
      "engines": {
        "node": ">=16.0.0",
        "npm": ">=5.7.1"
      }
    },
    "node_modules/@ckeditor/ckeditor5-indent": {
      "version": "37.1.0",
      "resolved": "https://registry.npmjs.org/@ckeditor/ckeditor5-indent/-/ckeditor5-indent-37.1.0.tgz",
      "integrity": "sha512-RBuyGV0um9l8dKwnugF0mfiL9H+AsaErhudcgfBhPFCoRQ3+vyQF3Mg14+iKdP2hybJQ6OaT+6a1P8OPzrq85Q==",
      "dependencies": {
        "ckeditor5": "^37.1.0"
      },
      "engines": {
        "node": ">=16.0.0",
        "npm": ">=5.7.1"
      }
    },
    "node_modules/@ckeditor/ckeditor5-link": {
      "version": "37.1.0",
      "resolved": "https://registry.npmjs.org/@ckeditor/ckeditor5-link/-/ckeditor5-link-37.1.0.tgz",
      "integrity": "sha512-ImVcYYfz5oR/zqHGYdvgSvfHU/7ia/psAqjL+T/5OaqMRunALdUzdtuAsMkWGEH/oF8vKRsdGeWwsyrEvTF4XA==",
      "dependencies": {
        "@ckeditor/ckeditor5-ui": "^37.1.0",
        "ckeditor5": "^37.1.0",
        "lodash-es": "^4.17.15"
      },
      "engines": {
        "node": ">=16.0.0",
        "npm": ">=5.7.1"
      }
    },
    "node_modules/@ckeditor/ckeditor5-list": {
      "version": "37.1.0",
      "resolved": "https://registry.npmjs.org/@ckeditor/ckeditor5-list/-/ckeditor5-list-37.1.0.tgz",
      "integrity": "sha512-hV1fNhpMkivlVuwRx0TVSEzPgciQa14uV/lbnhCmjT33WDrh8hAcYFK+kJx+9dB1OzNtyTlsMA/DxUJPdNr9TA==",
      "dependencies": {
        "@ckeditor/ckeditor5-ui": "^37.1.0",
        "ckeditor5": "^37.1.0"
      },
      "engines": {
        "node": ">=16.0.0",
        "npm": ">=5.7.1"
      }
    },
    "node_modules/@ckeditor/ckeditor5-media-embed": {
      "version": "37.1.0",
      "resolved": "https://registry.npmjs.org/@ckeditor/ckeditor5-media-embed/-/ckeditor5-media-embed-37.1.0.tgz",
      "integrity": "sha512-FFErNy2M+32rFeI6z16J38T7VVsqk5TDWkLRVqZF/5/VOBZ/TGcAjamEYkWnuzSHakuwDUbCwT+H3JVSKNnZJA==",
      "dependencies": {
        "@ckeditor/ckeditor5-ui": "^37.1.0",
        "ckeditor5": "^37.1.0"
      },
      "engines": {
        "node": ">=16.0.0",
        "npm": ">=5.7.1"
      }
    },
    "node_modules/@ckeditor/ckeditor5-paragraph": {
      "version": "37.1.0",
      "resolved": "https://registry.npmjs.org/@ckeditor/ckeditor5-paragraph/-/ckeditor5-paragraph-37.1.0.tgz",
      "integrity": "sha512-64G9VU8xVYzJrOjngtw2Zg58mXTkf4fiBhR4lUT9yZNLpVJ/8DXtphGtuXEPrlfL4DVrthHUeNfEdQXA2DGGZQ==",
      "dependencies": {
        "@ckeditor/ckeditor5-core": "^37.1.0",
        "@ckeditor/ckeditor5-ui": "^37.1.0",
        "@ckeditor/ckeditor5-utils": "^37.1.0"
      },
      "engines": {
        "node": ">=16.0.0",
        "npm": ">=5.7.1"
      }
    },
    "node_modules/@ckeditor/ckeditor5-paste-from-office": {
      "version": "37.1.0",
      "resolved": "https://registry.npmjs.org/@ckeditor/ckeditor5-paste-from-office/-/ckeditor5-paste-from-office-37.1.0.tgz",
      "integrity": "sha512-4l+Wt6HCG1yraQhCfRegReWoviLkEzqPb/6QxoFiqOZkzUCmCCTgGTwL709fOg3sE5hxYd4tfPb9ARQuOkfmgQ==",
      "dependencies": {
        "ckeditor5": "^37.1.0"
      },
      "engines": {
        "node": ">=16.0.0",
        "npm": ">=5.7.1"
      }
    },
    "node_modules/@ckeditor/ckeditor5-react": {
      "version": "6.0.0",
      "resolved": "https://registry.npmjs.org/@ckeditor/ckeditor5-react/-/ckeditor5-react-6.0.0.tgz",
      "integrity": "sha512-Yw0MlWfUXelGJ7qcFCYlaRlDEsEr0Lh7Wa2NGDT4+kscwcck9x8F1qm7xmjwJZ9bj79GC9rnCxsIqmq2etmZFA==",
      "hasInstallScript": true,
      "dependencies": {
        "prop-types": "^15.7.2"
      },
      "engines": {
        "node": ">=16.0.0",
        "npm": ">=5.7.1"
      },
      "peerDependencies": {
        "@ckeditor/ckeditor5-core": ">=37.0.0",
        "@ckeditor/ckeditor5-engine": ">=37.0.0",
        "@ckeditor/ckeditor5-utils": ">=37.0.0",
        "@ckeditor/ckeditor5-watchdog": ">=37.0.0",
        "react": "^16.13.1 || ^17.0.0 || ^18.0.0"
      }
    },
    "node_modules/@ckeditor/ckeditor5-select-all": {
      "version": "37.1.0",
      "resolved": "https://registry.npmjs.org/@ckeditor/ckeditor5-select-all/-/ckeditor5-select-all-37.1.0.tgz",
      "integrity": "sha512-E5f+TQuOsrhxj/8b8/5Lhym7hF8upeL61hHJpViBhf047F2qLcRBs8SXSm9PO0xS0nzg+RxigmkiYWI5inm74g==",
      "dependencies": {
        "@ckeditor/ckeditor5-core": "^37.1.0",
        "@ckeditor/ckeditor5-ui": "^37.1.0",
        "@ckeditor/ckeditor5-utils": "^37.1.0"
      },
      "engines": {
        "node": ">=16.0.0",
        "npm": ">=5.7.1"
      }
    },
    "node_modules/@ckeditor/ckeditor5-table": {
      "version": "37.1.0",
      "resolved": "https://registry.npmjs.org/@ckeditor/ckeditor5-table/-/ckeditor5-table-37.1.0.tgz",
      "integrity": "sha512-XXAGEZtpRz9Y0ZZtrDZCYy8jFLOVNnfgQIoSH+SJjSGyaR/DjlmLPXpSiO3R8Y8s7dRncBqK8Z0JEST7UwfdGg==",
      "dependencies": {
        "ckeditor5": "^37.1.0",
        "lodash-es": "^4.17.15"
      },
      "engines": {
        "node": ">=16.0.0",
        "npm": ">=5.7.1"
      }
    },
    "node_modules/@ckeditor/ckeditor5-typing": {
      "version": "37.1.0",
      "resolved": "https://registry.npmjs.org/@ckeditor/ckeditor5-typing/-/ckeditor5-typing-37.1.0.tgz",
      "integrity": "sha512-dloH29SGgDu3torPKC6TDkaYvD1ic80m8WCk9xXaOUXzIYf73m+F5TQ/QcfONxb0++Sj1Pq1IQuIpqBOn82aXA==",
      "dependencies": {
        "@ckeditor/ckeditor5-core": "^37.1.0",
        "@ckeditor/ckeditor5-engine": "^37.1.0",
        "@ckeditor/ckeditor5-utils": "^37.1.0",
        "lodash-es": "^4.17.15"
      },
      "engines": {
        "node": ">=16.0.0",
        "npm": ">=5.7.1"
      }
    },
    "node_modules/@ckeditor/ckeditor5-ui": {
      "version": "37.1.0",
      "resolved": "https://registry.npmjs.org/@ckeditor/ckeditor5-ui/-/ckeditor5-ui-37.1.0.tgz",
      "integrity": "sha512-7qpA8yS2cSDJsTh+uaxFuvfprxmw0Kd1UWDqrLNv23jUHt+25cT+46/7VLP3hPdS/bwkXWxIXV6nAlrw3gTIjQ==",
      "dependencies": {
        "@ckeditor/ckeditor5-core": "^37.1.0",
        "@ckeditor/ckeditor5-utils": "^37.1.0",
        "lodash-es": "^4.17.15"
      },
      "engines": {
        "node": ">=16.0.0",
        "npm": ">=5.7.1"
      }
    },
    "node_modules/@ckeditor/ckeditor5-undo": {
      "version": "37.1.0",
      "resolved": "https://registry.npmjs.org/@ckeditor/ckeditor5-undo/-/ckeditor5-undo-37.1.0.tgz",
      "integrity": "sha512-BJMmi4mXCIZj0lO4AVL8+Fzoj6+fXx3yZxUl0i68wf+ogf36pclyiHlunIV9EKRv8OW/eY3WezRI0O2mVcKzJA==",
      "dependencies": {
        "@ckeditor/ckeditor5-core": "^37.1.0",
        "@ckeditor/ckeditor5-engine": "^37.1.0",
        "@ckeditor/ckeditor5-ui": "^37.1.0"
      },
      "engines": {
        "node": ">=16.0.0",
        "npm": ">=5.7.1"
      }
    },
    "node_modules/@ckeditor/ckeditor5-upload": {
      "version": "37.1.0",
      "resolved": "https://registry.npmjs.org/@ckeditor/ckeditor5-upload/-/ckeditor5-upload-37.1.0.tgz",
      "integrity": "sha512-P0srTN1+gz8V4cOk+coY2HY7Gm8MkQAHPFEYCms1G1Kk7G32z4cyGWp9UqCPI0nX5GGM0qYd/Kd78BN/cNyJJw==",
      "dependencies": {
        "@ckeditor/ckeditor5-core": "^37.1.0",
        "@ckeditor/ckeditor5-ui": "^37.1.0",
        "@ckeditor/ckeditor5-utils": "^37.1.0"
      },
      "engines": {
        "node": ">=16.0.0",
        "npm": ">=5.7.1"
      }
    },
    "node_modules/@ckeditor/ckeditor5-utils": {
      "version": "37.1.0",
      "resolved": "https://registry.npmjs.org/@ckeditor/ckeditor5-utils/-/ckeditor5-utils-37.1.0.tgz",
      "integrity": "sha512-r4rSbzMy0WFSuP0IRd+yYUMjzb279eiICksOEiHViiqoKQ8RqcGDlh+zOaACkgw6xvLxj96C5MwG2wsZsGJqcA==",
      "dependencies": {
        "lodash-es": "^4.17.15"
      },
      "engines": {
        "node": ">=16.0.0",
        "npm": ">=5.7.1"
      }
    },
    "node_modules/@ckeditor/ckeditor5-watchdog": {
      "version": "37.1.0",
      "resolved": "https://registry.npmjs.org/@ckeditor/ckeditor5-watchdog/-/ckeditor5-watchdog-37.1.0.tgz",
      "integrity": "sha512-0d4WU2BO5n0tNzJl9iamnrFK+XEaK7gVEMIXcduznbupfFGVYFdrOXfDTdW0Yr59kpKEG8JbaWOF3aILjBRRWA==",
      "dependencies": {
        "lodash-es": "^4.17.15"
      },
      "engines": {
        "node": ">=16.0.0",
        "npm": ">=5.7.1"
      }
    },
    "node_modules/@ckeditor/ckeditor5-widget": {
      "version": "37.1.0",
      "resolved": "https://registry.npmjs.org/@ckeditor/ckeditor5-widget/-/ckeditor5-widget-37.1.0.tgz",
      "integrity": "sha512-7tWZLQrokqU28SK/gFoLgGhNshesiCC2nD+MtYie3PyXZ0nVhFDzCQxq94A02G1IpHdDW4WFKSmp2ix2z9lMNQ==",
      "dependencies": {
        "@ckeditor/ckeditor5-core": "^37.1.0",
        "@ckeditor/ckeditor5-engine": "^37.1.0",
        "@ckeditor/ckeditor5-enter": "^37.1.0",
        "@ckeditor/ckeditor5-typing": "^37.1.0",
        "@ckeditor/ckeditor5-ui": "^37.1.0",
        "@ckeditor/ckeditor5-utils": "^37.1.0",
        "lodash-es": "^4.17.15"
      },
      "engines": {
        "node": ">=16.0.0",
        "npm": ">=5.7.1"
      }
    },
    "node_modules/browser-router": {
      "version": "0.2.0",
      "resolved": "https://registry.npmjs.org/browser-router/-/browser-router-0.2.0.tgz",
      "integrity": "sha512-lBmEZSXzhwO7q12kv0o4/WO6bVayqeHd2ZP0cCszeD9xTEC2fAM+U5BBKG+4yqJHqW//ua+olgPhEWETVjynGQ==",
      "dependencies": {
        "query-string": "~0.1.1",
        "underscore": "~1.5.2"
      }
    },
    "node_modules/ckeditor5": {
      "version": "37.1.0",
      "resolved": "https://registry.npmjs.org/ckeditor5/-/ckeditor5-37.1.0.tgz",
      "integrity": "sha512-sT/w0+pZ/p8ANrNaFI+LtUYRSUECFC1lvhQqGczGWEYD+pdYQTQxYVDy8QEYE5V9E5I7uvt4Dbcq9w6TjlLC/w==",
      "dependencies": {
        "@ckeditor/ckeditor5-clipboard": "^37.1.0",
        "@ckeditor/ckeditor5-core": "^37.1.0",
        "@ckeditor/ckeditor5-engine": "^37.1.0",
        "@ckeditor/ckeditor5-enter": "^37.1.0",
        "@ckeditor/ckeditor5-paragraph": "^37.1.0",
        "@ckeditor/ckeditor5-select-all": "^37.1.0",
        "@ckeditor/ckeditor5-typing": "^37.1.0",
        "@ckeditor/ckeditor5-ui": "^37.1.0",
        "@ckeditor/ckeditor5-undo": "^37.1.0",
        "@ckeditor/ckeditor5-upload": "^37.1.0",
        "@ckeditor/ckeditor5-utils": "^37.1.0",
        "@ckeditor/ckeditor5-watchdog": "^37.1.0",
        "@ckeditor/ckeditor5-widget": "^37.1.0"
      },
      "engines": {
        "node": ">=16.0.0",
        "npm": ">=5.7.1"
      }
    },
    "node_modules/js-tokens": {
      "version": "4.0.0",
      "resolved": "https://registry.npmjs.org/js-tokens/-/js-tokens-4.0.0.tgz",
      "integrity": "sha512-RdJUflcE3cUzKiMqQgsCu06FPu9UdIJO0beYbPhHN4k6apgJtifcoCtT9bcxOpYBtpD2kCM6Sbzg4CausW/PKQ=="
    },
    "node_modules/lodash-es": {
      "version": "4.17.21",
      "resolved": "https://registry.npmjs.org/lodash-es/-/lodash-es-4.17.21.tgz",
      "integrity": "sha512-mKnC+QJ9pWVzv+C4/U3rRsHapFfHvQFoFB92e52xeyGMcX6/OlIl78je1u8vePzYZSkkogMPJ2yjxxsb89cxyw=="
    },
    "node_modules/loose-envify": {
      "version": "1.4.0",
      "resolved": "https://registry.npmjs.org/loose-envify/-/loose-envify-1.4.0.tgz",
      "integrity": "sha512-lyuxPGr/Wfhrlem2CL/UcnUc1zcqKAImBDzukY7Y5F/yQiNdko6+fRLevlw1HgMySw7f611UIY408EtxRSoK3Q==",
      "dependencies": {
        "js-tokens": "^3.0.0 || ^4.0.0"
      },
      "bin": {
        "loose-envify": "cli.js"
      }
    },
    "node_modules/object-assign": {
      "version": "4.1.1",
      "resolved": "https://registry.npmjs.org/object-assign/-/object-assign-4.1.1.tgz",
      "integrity": "sha512-rJgTQnkUnH1sFw8yT6VSU3zD3sWmu6sZhIseY8VX+GRu3P6F7Fu+JNDoXfklElbLJSnc3FUQHVe4cU5hj+BcUg==",
      "engines": {
        "node": ">=0.10.0"
      }
    },
    "node_modules/prop-types": {
      "version": "15.8.1",
      "resolved": "https://registry.npmjs.org/prop-types/-/prop-types-15.8.1.tgz",
      "integrity": "sha512-oj87CgZICdulUohogVAR7AjlC0327U4el4L6eAvOqCeudMDVU0NThNaV+b9Df4dXgSP1gXMTnPdhfe/2qDH5cg==",
      "dependencies": {
        "loose-envify": "^1.4.0",
        "object-assign": "^4.1.1",
        "react-is": "^16.13.1"
      }
    },
    "node_modules/query-string": {
      "version": "0.1.1",
      "resolved": "https://registry.npmjs.org/query-string/-/query-string-0.1.1.tgz",
      "integrity": "sha512-SQ/K9KUsAl2bnieZV2mddfJkw/ea1W6K7zL9dNrpFrE8pkVNXf+AjgvJ4DOjRZ2IrINkPsqwV6x+k0gaVhMFfQ==",
      "engines": {
        "node": ">=0.8.0"
      }
    },
    "node_modules/react": {
      "version": "18.2.0",
      "resolved": "https://registry.npmjs.org/react/-/react-18.2.0.tgz",
      "integrity": "sha512-/3IjMdb2L9QbBdWiW5e3P2/npwMBaU9mHCSCUzNln0ZCYbcfTsGbTJrU/kGemdH2IWmB2ioZ+zkxtmq6g09fGQ==",
      "peer": true,
      "dependencies": {
        "loose-envify": "^1.1.0"
      },
      "engines": {
        "node": ">=0.10.0"
      }
    },
    "node_modules/react-is": {
      "version": "16.13.1",
      "resolved": "https://registry.npmjs.org/react-is/-/react-is-16.13.1.tgz",
      "integrity": "sha512-24e6ynE2H+OKt4kqsOvNd8kBpV65zoxbA4BVsEOB3ARVWQki/DHzaUoC5KuON/BiccDaCCTZBuOcfZs70kR8bQ=="
    },
    "node_modules/underscore": {
      "version": "1.5.2",
      "resolved": "https://registry.npmjs.org/underscore/-/underscore-1.5.2.tgz",
      "integrity": "sha512-yejOFsRnTJs0N9CK5Apzf6maDO2djxGoLLrlZlvGs2o9ZQuhIhDL18rtFyy4FBIbOkzA6+4hDgXbgz5EvDQCXQ=="
    }
  },
  "dependencies": {
    "@ckeditor/ckeditor5-adapter-ckfinder": {
      "version": "37.1.0",
      "resolved": "https://registry.npmjs.org/@ckeditor/ckeditor5-adapter-ckfinder/-/ckeditor5-adapter-ckfinder-37.1.0.tgz",
      "integrity": "sha512-SKjcsKqVw1EpZ3P0HaLDmPwf0Kv9qaqwUsp9Lv0InpPWlvubTCH4YwJ/bC7uh0NApQdygJ10S1CKn7/bSDrT4A==",
      "requires": {
        "ckeditor5": "^37.1.0"
      }
    },
    "@ckeditor/ckeditor5-autoformat": {
      "version": "37.1.0",
      "resolved": "https://registry.npmjs.org/@ckeditor/ckeditor5-autoformat/-/ckeditor5-autoformat-37.1.0.tgz",
      "integrity": "sha512-wZSuqsD6oz06fbE2zCn8PUDyax5YUDWFnB/26piLBu0HteRYFXJtIq6s2vA+zBbFfR3FL7362t+DP9VEHGigtw==",
      "requires": {
        "ckeditor5": "^37.1.0"
      }
    },
    "@ckeditor/ckeditor5-basic-styles": {
      "version": "37.1.0",
      "resolved": "https://registry.npmjs.org/@ckeditor/ckeditor5-basic-styles/-/ckeditor5-basic-styles-37.1.0.tgz",
      "integrity": "sha512-AwCiVsq5Wh0tBOPLOV0NADnZRNw210h1/xTzsO2U8TGBcbVJ4ukU07OMSvkOhi7jrA4wLZI7R+XmhZR0vsUGkA==",
      "requires": {
        "ckeditor5": "^37.1.0"
      }
    },
    "@ckeditor/ckeditor5-block-quote": {
      "version": "37.1.0",
      "resolved": "https://registry.npmjs.org/@ckeditor/ckeditor5-block-quote/-/ckeditor5-block-quote-37.1.0.tgz",
      "integrity": "sha512-975XXg4YzJ857UF7dPujGxIkyvVfU6m4/QTCKU5j2SbrTqPKCQ59PLOOgyy1qC76D/uyqV1+V+beGairUrmA1A==",
      "requires": {
        "ckeditor5": "^37.1.0"
      }
    },
    "@ckeditor/ckeditor5-build-classic": {
      "version": "37.1.0",
      "resolved": "https://registry.npmjs.org/@ckeditor/ckeditor5-build-classic/-/ckeditor5-build-classic-37.1.0.tgz",
      "integrity": "sha512-5ew4/yWlkUnGvTsoKVKX5Fy6iA/Cj6FZX6jovGY7fBerBG7kixsmrTQ0pIcoUnFUPUEiGjWsqSytUsvXaPKlaA==",
      "requires": {
        "@ckeditor/ckeditor5-adapter-ckfinder": "^37.1.0",
        "@ckeditor/ckeditor5-autoformat": "^37.1.0",
        "@ckeditor/ckeditor5-basic-styles": "^37.1.0",
        "@ckeditor/ckeditor5-block-quote": "^37.1.0",
        "@ckeditor/ckeditor5-ckbox": "^37.1.0",
        "@ckeditor/ckeditor5-ckfinder": "^37.1.0",
        "@ckeditor/ckeditor5-cloud-services": "^37.1.0",
        "@ckeditor/ckeditor5-easy-image": "^37.1.0",
        "@ckeditor/ckeditor5-editor-classic": "^37.1.0",
        "@ckeditor/ckeditor5-essentials": "^37.1.0",
        "@ckeditor/ckeditor5-heading": "^37.1.0",
        "@ckeditor/ckeditor5-image": "^37.1.0",
        "@ckeditor/ckeditor5-indent": "^37.1.0",
        "@ckeditor/ckeditor5-link": "^37.1.0",
        "@ckeditor/ckeditor5-list": "^37.1.0",
        "@ckeditor/ckeditor5-media-embed": "^37.1.0",
        "@ckeditor/ckeditor5-paragraph": "^37.1.0",
        "@ckeditor/ckeditor5-paste-from-office": "^37.1.0",
        "@ckeditor/ckeditor5-table": "^37.1.0",
        "@ckeditor/ckeditor5-typing": "^37.1.0"
      }
    },
    "@ckeditor/ckeditor5-ckbox": {
      "version": "37.1.0",
      "resolved": "https://registry.npmjs.org/@ckeditor/ckeditor5-ckbox/-/ckeditor5-ckbox-37.1.0.tgz",
      "integrity": "sha512-XcbQPFkGevxKLilM28szORH/PZyR39cLwogZgothLXX4aPiiBGox8ldN6uI7cTaDkGjxzvaBF1AvHhcAPGs5pA==",
      "requires": {
        "ckeditor5": "^37.1.0"
      }
    },
    "@ckeditor/ckeditor5-ckfinder": {
      "version": "37.1.0",
      "resolved": "https://registry.npmjs.org/@ckeditor/ckeditor5-ckfinder/-/ckeditor5-ckfinder-37.1.0.tgz",
      "integrity": "sha512-zgNldaJC9g3o0zy2plmIffO1SyPsBDVdVq65Y6zoT4YXqandpEwjdR/kGFwHBYr6hdMz4MsaPDXRXxYIAwU0LA==",
      "requires": {
        "ckeditor5": "^37.1.0"
      }
    },
    "@ckeditor/ckeditor5-clipboard": {
      "version": "37.1.0",
      "resolved": "https://registry.npmjs.org/@ckeditor/ckeditor5-clipboard/-/ckeditor5-clipboard-37.1.0.tgz",
      "integrity": "sha512-0L1driXKRl1IUZ9amo+DVBGJuNjuVQ4nmuurIDqR1U8pRFt34wBzaIHivUbsKeZYe74RC4m4tE2DcUrltXwLAQ==",
      "requires": {
        "@ckeditor/ckeditor5-core": "^37.1.0",
        "@ckeditor/ckeditor5-engine": "^37.1.0",
        "@ckeditor/ckeditor5-utils": "^37.1.0",
        "@ckeditor/ckeditor5-widget": "^37.1.0",
        "lodash-es": "^4.17.15"
      }
    },
    "@ckeditor/ckeditor5-cloud-services": {
      "version": "37.1.0",
      "resolved": "https://registry.npmjs.org/@ckeditor/ckeditor5-cloud-services/-/ckeditor5-cloud-services-37.1.0.tgz",
      "integrity": "sha512-C5a+DKu1afASJVC0fl62WMjwaMIEulG/B2uyXySY6hXdHVC3aZkX0Z1Csn7QA2E0nk3KMkoGxCLWXJnsJk2gtg==",
      "requires": {
        "ckeditor5": "^37.1.0"
      }
    },
    "@ckeditor/ckeditor5-core": {
      "version": "37.1.0",
      "resolved": "https://registry.npmjs.org/@ckeditor/ckeditor5-core/-/ckeditor5-core-37.1.0.tgz",
      "integrity": "sha512-edewiWlMCK5BPN9Can0A9skob9dNDMrv09khiKaUYK5PEobZZQSyUBck52vXpt255u2rnlmhF5phTqsQo5EiOw==",
      "requires": {
        "@ckeditor/ckeditor5-engine": "^37.1.0",
        "@ckeditor/ckeditor5-utils": "^37.1.0",
        "lodash-es": "^4.17.15"
      }
    },
    "@ckeditor/ckeditor5-easy-image": {
      "version": "37.1.0",
      "resolved": "https://registry.npmjs.org/@ckeditor/ckeditor5-easy-image/-/ckeditor5-easy-image-37.1.0.tgz",
      "integrity": "sha512-1pu7IF0gpfIUVPci06kQaf76jvJkavFmbkK6MpxjccFsCVa2HONgyPfbMHvBLb2J5TBm/IeN+yHF/qmKiIMTKg==",
      "requires": {
        "ckeditor5": "^37.1.0"
      }
    },
    "@ckeditor/ckeditor5-editor-classic": {
      "version": "37.1.0",
      "resolved": "https://registry.npmjs.org/@ckeditor/ckeditor5-editor-classic/-/ckeditor5-editor-classic-37.1.0.tgz",
      "integrity": "sha512-3XipfINHckd8NITQT9ePdk0+3vytZ567x5qDGCeTgVAKqiFYNaEmuQKir1+D8uQddbrDNolv91XcILN8XHzDWQ==",
      "requires": {
        "ckeditor5": "^37.1.0",
        "lodash-es": "^4.17.15"
      }
    },
    "@ckeditor/ckeditor5-engine": {
      "version": "37.1.0",
      "resolved": "https://registry.npmjs.org/@ckeditor/ckeditor5-engine/-/ckeditor5-engine-37.1.0.tgz",
      "integrity": "sha512-D/xWNOgqk3G1qtv8P2UCmpHcIONjJE0NRJeJuJ8jppIgOYpbVG/7KSuzJYV7G1M9oGSBAeNb7U+lz7y/eg38Hw==",
      "requires": {
        "@ckeditor/ckeditor5-utils": "^37.1.0",
        "lodash-es": "^4.17.15"
      }
    },
    "@ckeditor/ckeditor5-enter": {
      "version": "37.1.0",
      "resolved": "https://registry.npmjs.org/@ckeditor/ckeditor5-enter/-/ckeditor5-enter-37.1.0.tgz",
      "integrity": "sha512-m8e+yInNi4Hi5YWN0+Jj5ZFZjFvUi6VKPGsCSRyAmOiB3J9AO1/P4pYhhAXXpD7RzJQ0hmNiwZgRDZWeq/ZZNA==",
      "requires": {
        "@ckeditor/ckeditor5-core": "^37.1.0",
        "@ckeditor/ckeditor5-engine": "^37.1.0",
        "@ckeditor/ckeditor5-utils": "^37.1.0"
      }
    },
    "@ckeditor/ckeditor5-essentials": {
      "version": "37.1.0",
      "resolved": "https://registry.npmjs.org/@ckeditor/ckeditor5-essentials/-/ckeditor5-essentials-37.1.0.tgz",
      "integrity": "sha512-LJl/3XHQpVvoFq22Z2JtNCog+0Z646MwEIZ70YyGyltA1fxXRpC0PrUg6NYND4AbDTHvWLUVTbQhhXzfSHw2KQ==",
      "requires": {
        "ckeditor5": "^37.1.0"
      }
    },
    "@ckeditor/ckeditor5-heading": {
      "version": "37.1.0",
      "resolved": "https://registry.npmjs.org/@ckeditor/ckeditor5-heading/-/ckeditor5-heading-37.1.0.tgz",
      "integrity": "sha512-fr2gOkiitJJKtJvunbitKEVwQoh26oBO7mbp/1BNSydtsOoP+B9Tl5S15WiPRAnc5pjIAT8MOJO5PQY/GDXs5Q==",
      "requires": {
        "ckeditor5": "^37.1.0"
      }
    },
    "@ckeditor/ckeditor5-image": {
      "version": "37.1.0",
      "resolved": "https://registry.npmjs.org/@ckeditor/ckeditor5-image/-/ckeditor5-image-37.1.0.tgz",
      "integrity": "sha512-wIKGfasamPE7MWnIoNIpmWgxlZOz8bxw8ZaLucRdJGaU1+orzQabYcqZM+y+3puAowXs2MIGcA7kSmyJPvL0Jw==",
      "requires": {
        "@ckeditor/ckeditor5-ui": "^37.1.0",
        "ckeditor5": "^37.1.0",
        "lodash-es": "^4.17.15"
      }
    },
    "@ckeditor/ckeditor5-indent": {
      "version": "37.1.0",
      "resolved": "https://registry.npmjs.org/@ckeditor/ckeditor5-indent/-/ckeditor5-indent-37.1.0.tgz",
      "integrity": "sha512-RBuyGV0um9l8dKwnugF0mfiL9H+AsaErhudcgfBhPFCoRQ3+vyQF3Mg14+iKdP2hybJQ6OaT+6a1P8OPzrq85Q==",
      "requires": {
        "ckeditor5": "^37.1.0"
      }
    },
    "@ckeditor/ckeditor5-link": {
      "version": "37.1.0",
      "resolved": "https://registry.npmjs.org/@ckeditor/ckeditor5-link/-/ckeditor5-link-37.1.0.tgz",
      "integrity": "sha512-ImVcYYfz5oR/zqHGYdvgSvfHU/7ia/psAqjL+T/5OaqMRunALdUzdtuAsMkWGEH/oF8vKRsdGeWwsyrEvTF4XA==",
      "requires": {
        "@ckeditor/ckeditor5-ui": "^37.1.0",
        "ckeditor5": "^37.1.0",
        "lodash-es": "^4.17.15"
      }
    },
    "@ckeditor/ckeditor5-list": {
      "version": "37.1.0",
      "resolved": "https://registry.npmjs.org/@ckeditor/ckeditor5-list/-/ckeditor5-list-37.1.0.tgz",
      "integrity": "sha512-hV1fNhpMkivlVuwRx0TVSEzPgciQa14uV/lbnhCmjT33WDrh8hAcYFK+kJx+9dB1OzNtyTlsMA/DxUJPdNr9TA==",
      "requires": {
        "@ckeditor/ckeditor5-ui": "^37.1.0",
        "ckeditor5": "^37.1.0"
      }
    },
    "@ckeditor/ckeditor5-media-embed": {
      "version": "37.1.0",
      "resolved": "https://registry.npmjs.org/@ckeditor/ckeditor5-media-embed/-/ckeditor5-media-embed-37.1.0.tgz",
      "integrity": "sha512-FFErNy2M+32rFeI6z16J38T7VVsqk5TDWkLRVqZF/5/VOBZ/TGcAjamEYkWnuzSHakuwDUbCwT+H3JVSKNnZJA==",
      "requires": {
        "@ckeditor/ckeditor5-ui": "^37.1.0",
        "ckeditor5": "^37.1.0"
      }
    },
    "@ckeditor/ckeditor5-paragraph": {
      "version": "37.1.0",
      "resolved": "https://registry.npmjs.org/@ckeditor/ckeditor5-paragraph/-/ckeditor5-paragraph-37.1.0.tgz",
      "integrity": "sha512-64G9VU8xVYzJrOjngtw2Zg58mXTkf4fiBhR4lUT9yZNLpVJ/8DXtphGtuXEPrlfL4DVrthHUeNfEdQXA2DGGZQ==",
      "requires": {
        "@ckeditor/ckeditor5-core": "^37.1.0",
        "@ckeditor/ckeditor5-ui": "^37.1.0",
        "@ckeditor/ckeditor5-utils": "^37.1.0"
      }
    },
    "@ckeditor/ckeditor5-paste-from-office": {
      "version": "37.1.0",
      "resolved": "https://registry.npmjs.org/@ckeditor/ckeditor5-paste-from-office/-/ckeditor5-paste-from-office-37.1.0.tgz",
      "integrity": "sha512-4l+Wt6HCG1yraQhCfRegReWoviLkEzqPb/6QxoFiqOZkzUCmCCTgGTwL709fOg3sE5hxYd4tfPb9ARQuOkfmgQ==",
      "requires": {
        "ckeditor5": "^37.1.0"
      }
    },
    "@ckeditor/ckeditor5-react": {
      "version": "6.0.0",
      "resolved": "https://registry.npmjs.org/@ckeditor/ckeditor5-react/-/ckeditor5-react-6.0.0.tgz",
      "integrity": "sha512-Yw0MlWfUXelGJ7qcFCYlaRlDEsEr0Lh7Wa2NGDT4+kscwcck9x8F1qm7xmjwJZ9bj79GC9rnCxsIqmq2etmZFA==",
      "requires": {
        "prop-types": "^15.7.2"
      }
    },
    "@ckeditor/ckeditor5-select-all": {
      "version": "37.1.0",
      "resolved": "https://registry.npmjs.org/@ckeditor/ckeditor5-select-all/-/ckeditor5-select-all-37.1.0.tgz",
      "integrity": "sha512-E5f+TQuOsrhxj/8b8/5Lhym7hF8upeL61hHJpViBhf047F2qLcRBs8SXSm9PO0xS0nzg+RxigmkiYWI5inm74g==",
      "requires": {
        "@ckeditor/ckeditor5-core": "^37.1.0",
        "@ckeditor/ckeditor5-ui": "^37.1.0",
        "@ckeditor/ckeditor5-utils": "^37.1.0"
      }
    },
    "@ckeditor/ckeditor5-table": {
      "version": "37.1.0",
      "resolved": "https://registry.npmjs.org/@ckeditor/ckeditor5-table/-/ckeditor5-table-37.1.0.tgz",
      "integrity": "sha512-XXAGEZtpRz9Y0ZZtrDZCYy8jFLOVNnfgQIoSH+SJjSGyaR/DjlmLPXpSiO3R8Y8s7dRncBqK8Z0JEST7UwfdGg==",
      "requires": {
        "ckeditor5": "^37.1.0",
        "lodash-es": "^4.17.15"
      }
    },
    "@ckeditor/ckeditor5-typing": {
      "version": "37.1.0",
      "resolved": "https://registry.npmjs.org/@ckeditor/ckeditor5-typing/-/ckeditor5-typing-37.1.0.tgz",
      "integrity": "sha512-dloH29SGgDu3torPKC6TDkaYvD1ic80m8WCk9xXaOUXzIYf73m+F5TQ/QcfONxb0++Sj1Pq1IQuIpqBOn82aXA==",
      "requires": {
        "@ckeditor/ckeditor5-core": "^37.1.0",
        "@ckeditor/ckeditor5-engine": "^37.1.0",
        "@ckeditor/ckeditor5-utils": "^37.1.0",
        "lodash-es": "^4.17.15"
      }
    },
    "@ckeditor/ckeditor5-ui": {
      "version": "37.1.0",
      "resolved": "https://registry.npmjs.org/@ckeditor/ckeditor5-ui/-/ckeditor5-ui-37.1.0.tgz",
      "integrity": "sha512-7qpA8yS2cSDJsTh+uaxFuvfprxmw0Kd1UWDqrLNv23jUHt+25cT+46/7VLP3hPdS/bwkXWxIXV6nAlrw3gTIjQ==",
      "requires": {
        "@ckeditor/ckeditor5-core": "^37.1.0",
        "@ckeditor/ckeditor5-utils": "^37.1.0",
        "lodash-es": "^4.17.15"
      }
    },
    "@ckeditor/ckeditor5-undo": {
      "version": "37.1.0",
      "resolved": "https://registry.npmjs.org/@ckeditor/ckeditor5-undo/-/ckeditor5-undo-37.1.0.tgz",
      "integrity": "sha512-BJMmi4mXCIZj0lO4AVL8+Fzoj6+fXx3yZxUl0i68wf+ogf36pclyiHlunIV9EKRv8OW/eY3WezRI0O2mVcKzJA==",
      "requires": {
        "@ckeditor/ckeditor5-core": "^37.1.0",
        "@ckeditor/ckeditor5-engine": "^37.1.0",
        "@ckeditor/ckeditor5-ui": "^37.1.0"
      }
    },
    "@ckeditor/ckeditor5-upload": {
      "version": "37.1.0",
      "resolved": "https://registry.npmjs.org/@ckeditor/ckeditor5-upload/-/ckeditor5-upload-37.1.0.tgz",
      "integrity": "sha512-P0srTN1+gz8V4cOk+coY2HY7Gm8MkQAHPFEYCms1G1Kk7G32z4cyGWp9UqCPI0nX5GGM0qYd/Kd78BN/cNyJJw==",
      "requires": {
        "@ckeditor/ckeditor5-core": "^37.1.0",
        "@ckeditor/ckeditor5-ui": "^37.1.0",
        "@ckeditor/ckeditor5-utils": "^37.1.0"
      }
    },
    "@ckeditor/ckeditor5-utils": {
      "version": "37.1.0",
      "resolved": "https://registry.npmjs.org/@ckeditor/ckeditor5-utils/-/ckeditor5-utils-37.1.0.tgz",
      "integrity": "sha512-r4rSbzMy0WFSuP0IRd+yYUMjzb279eiICksOEiHViiqoKQ8RqcGDlh+zOaACkgw6xvLxj96C5MwG2wsZsGJqcA==",
      "requires": {
        "lodash-es": "^4.17.15"
      }
    },
    "@ckeditor/ckeditor5-watchdog": {
      "version": "37.1.0",
      "resolved": "https://registry.npmjs.org/@ckeditor/ckeditor5-watchdog/-/ckeditor5-watchdog-37.1.0.tgz",
      "integrity": "sha512-0d4WU2BO5n0tNzJl9iamnrFK+XEaK7gVEMIXcduznbupfFGVYFdrOXfDTdW0Yr59kpKEG8JbaWOF3aILjBRRWA==",
      "requires": {
        "lodash-es": "^4.17.15"
      }
    },
    "@ckeditor/ckeditor5-widget": {
      "version": "37.1.0",
      "resolved": "https://registry.npmjs.org/@ckeditor/ckeditor5-widget/-/ckeditor5-widget-37.1.0.tgz",
      "integrity": "sha512-7tWZLQrokqU28SK/gFoLgGhNshesiCC2nD+MtYie3PyXZ0nVhFDzCQxq94A02G1IpHdDW4WFKSmp2ix2z9lMNQ==",
      "requires": {
        "@ckeditor/ckeditor5-core": "^37.1.0",
        "@ckeditor/ckeditor5-engine": "^37.1.0",
        "@ckeditor/ckeditor5-enter": "^37.1.0",
        "@ckeditor/ckeditor5-typing": "^37.1.0",
        "@ckeditor/ckeditor5-ui": "^37.1.0",
        "@ckeditor/ckeditor5-utils": "^37.1.0",
        "lodash-es": "^4.17.15"
      }
    },
    "browser-router": {
      "version": "0.2.0",
      "resolved": "https://registry.npmjs.org/browser-router/-/browser-router-0.2.0.tgz",
      "integrity": "sha512-lBmEZSXzhwO7q12kv0o4/WO6bVayqeHd2ZP0cCszeD9xTEC2fAM+U5BBKG+4yqJHqW//ua+olgPhEWETVjynGQ==",
      "requires": {
        "query-string": "~0.1.1",
        "underscore": "~1.5.2"
      }
    },
    "ckeditor5": {
      "version": "37.1.0",
      "resolved": "https://registry.npmjs.org/ckeditor5/-/ckeditor5-37.1.0.tgz",
      "integrity": "sha512-sT/w0+pZ/p8ANrNaFI+LtUYRSUECFC1lvhQqGczGWEYD+pdYQTQxYVDy8QEYE5V9E5I7uvt4Dbcq9w6TjlLC/w==",
      "requires": {
        "@ckeditor/ckeditor5-clipboard": "^37.1.0",
        "@ckeditor/ckeditor5-core": "^37.1.0",
        "@ckeditor/ckeditor5-engine": "^37.1.0",
        "@ckeditor/ckeditor5-enter": "^37.1.0",
        "@ckeditor/ckeditor5-paragraph": "^37.1.0",
        "@ckeditor/ckeditor5-select-all": "^37.1.0",
        "@ckeditor/ckeditor5-typing": "^37.1.0",
        "@ckeditor/ckeditor5-ui": "^37.1.0",
        "@ckeditor/ckeditor5-undo": "^37.1.0",
        "@ckeditor/ckeditor5-upload": "^37.1.0",
        "@ckeditor/ckeditor5-utils": "^37.1.0",
        "@ckeditor/ckeditor5-watchdog": "^37.1.0",
        "@ckeditor/ckeditor5-widget": "^37.1.0"
      }
    },
    "js-tokens": {
      "version": "4.0.0",
      "resolved": "https://registry.npmjs.org/js-tokens/-/js-tokens-4.0.0.tgz",
      "integrity": "sha512-RdJUflcE3cUzKiMqQgsCu06FPu9UdIJO0beYbPhHN4k6apgJtifcoCtT9bcxOpYBtpD2kCM6Sbzg4CausW/PKQ=="
    },
    "lodash-es": {
      "version": "4.17.21",
      "resolved": "https://registry.npmjs.org/lodash-es/-/lodash-es-4.17.21.tgz",
      "integrity": "sha512-mKnC+QJ9pWVzv+C4/U3rRsHapFfHvQFoFB92e52xeyGMcX6/OlIl78je1u8vePzYZSkkogMPJ2yjxxsb89cxyw=="
    },
    "loose-envify": {
      "version": "1.4.0",
      "resolved": "https://registry.npmjs.org/loose-envify/-/loose-envify-1.4.0.tgz",
      "integrity": "sha512-lyuxPGr/Wfhrlem2CL/UcnUc1zcqKAImBDzukY7Y5F/yQiNdko6+fRLevlw1HgMySw7f611UIY408EtxRSoK3Q==",
      "requires": {
        "js-tokens": "^3.0.0 || ^4.0.0"
      }
    },
    "object-assign": {
      "version": "4.1.1",
      "resolved": "https://registry.npmjs.org/object-assign/-/object-assign-4.1.1.tgz",
      "integrity": "sha512-rJgTQnkUnH1sFw8yT6VSU3zD3sWmu6sZhIseY8VX+GRu3P6F7Fu+JNDoXfklElbLJSnc3FUQHVe4cU5hj+BcUg=="
    },
    "prop-types": {
      "version": "15.8.1",
      "resolved": "https://registry.npmjs.org/prop-types/-/prop-types-15.8.1.tgz",
      "integrity": "sha512-oj87CgZICdulUohogVAR7AjlC0327U4el4L6eAvOqCeudMDVU0NThNaV+b9Df4dXgSP1gXMTnPdhfe/2qDH5cg==",
      "requires": {
        "loose-envify": "^1.4.0",
        "object-assign": "^4.1.1",
        "react-is": "^16.13.1"
      }
    },
    "query-string": {
      "version": "0.1.1",
      "resolved": "https://registry.npmjs.org/query-string/-/query-string-0.1.1.tgz",
      "integrity": "sha512-SQ/K9KUsAl2bnieZV2mddfJkw/ea1W6K7zL9dNrpFrE8pkVNXf+AjgvJ4DOjRZ2IrINkPsqwV6x+k0gaVhMFfQ=="
    },
    "react": {
      "version": "18.2.0",
      "resolved": "https://registry.npmjs.org/react/-/react-18.2.0.tgz",
      "integrity": "sha512-/3IjMdb2L9QbBdWiW5e3P2/npwMBaU9mHCSCUzNln0ZCYbcfTsGbTJrU/kGemdH2IWmB2ioZ+zkxtmq6g09fGQ==",
      "peer": true,
      "requires": {
        "loose-envify": "^1.1.0"
      }
    },
    "react-is": {
      "version": "16.13.1",
      "resolved": "https://registry.npmjs.org/react-is/-/react-is-16.13.1.tgz",
      "integrity": "sha512-24e6ynE2H+OKt4kqsOvNd8kBpV65zoxbA4BVsEOB3ARVWQki/DHzaUoC5KuON/BiccDaCCTZBuOcfZs70kR8bQ=="
    },
    "underscore": {
      "version": "1.5.2",
      "resolved": "https://registry.npmjs.org/underscore/-/underscore-1.5.2.tgz",
      "integrity": "sha512-yejOFsRnTJs0N9CK5Apzf6maDO2djxGoLLrlZlvGs2o9ZQuhIhDL18rtFyy4FBIbOkzA6+4hDgXbgz5EvDQCXQ=="
    }
  }
}
